{
  "name": "PSAD-Website",
  "lockfileVersion": 3,
  "requires": true,
  "packages": {
    "": {
      "dependencies": {
        "@wikimedia/jquery.i18n": "^1.0.9"
      }
    },
    "node_modules/@wikimedia/jquery.i18n": {
      "version": "1.0.9",
      "resolved": "https://registry.npmjs.org/@wikimedia/jquery.i18n/-/jquery.i18n-1.0.9.tgz",
      "integrity": "sha512-g6nlCAeYX4n9o6CyCJniNnEB0wGSo1o6sw2WPneb0wOtWiGDFUCZtlkmgvPLL+ynkYRaf5IJiq/CNGQ7p6nB+Q=="
    }
  }
}
